// !$*UTF8*$!
{
	archiveVersion = 1;
	classes = {
	};
	objectVersion = 46;
	objects = {

/* Begin PBXBuildFile section */
		1C0FFF1C1B5AA48D000CB182 /* NewsBannerItem.m in Sources */ = {isa = PBXBuildFile; fileRef = 1C0FFF1B1B5AA48D000CB182 /* NewsBannerItem.m */; };
		1C2A88381B63F4240065F915 /* NewsDetailModel.m in Sources */ = {isa = PBXBuildFile; fileRef = 1C2A88371B63F4240065F915 /* NewsDetailModel.m */; };
		1C2A883B1B63F5350065F915 /* NewsDetailViewModel.m in Sources */ = {isa = PBXBuildFile; fileRef = 1C2A883A1B63F5350065F915 /* NewsDetailViewModel.m */; };
		1C2AF0401B8CBCDA0073659C /* Home_Icon@2x.png in Resources */ = {isa = PBXBuildFile; fileRef = 1C2AF03F1B8CBCDA0073659C /* Home_Icon@2x.png */; };
		1C2AF0421B8CBE5A0073659C /* NavigationBar_background@2x.png in Resources */ = {isa = PBXBuildFile; fileRef = 1C2AF0411B8CBE5A0073659C /* NavigationBar_background@2x.png */; };
		1C3F06141B4ADE8800756388 /* main.m in Sources */ = {isa = PBXBuildFile; fileRef = 1C3F06131B4ADE8800756388 /* main.m */; };
		1C3F06171B4ADE8800756388 /* AppDelegate.m in Sources */ = {isa = PBXBuildFile; fileRef = 1C3F06161B4ADE8800756388 /* AppDelegate.m */; };
		1C3F061D1B4ADE8800756388 /* Main.storyboard in Resources */ = {isa = PBXBuildFile; fileRef = 1C3F061B1B4ADE8800756388 /* Main.storyboard */; };
		1C3F061F1B4ADE8800756388 /* Images.xcassets in Resources */ = {isa = PBXBuildFile; fileRef = 1C3F061E1B4ADE8800756388 /* Images.xcassets */; };
		1C3F06221B4ADE8800756388 /* LaunchScreen.xib in Resources */ = {isa = PBXBuildFile; fileRef = 1C3F06201B4ADE8800756388 /* LaunchScreen.xib */; };
		1C3F062E1B4ADE8800756388 /* ZhiHuDailyTests.m in Sources */ = {isa = PBXBuildFile; fileRef = 1C3F062D1B4ADE8800756388 /* ZhiHuDailyTests.m */; };
		1C4520051B9340E600305548 /* TKAlertCenter.m in Sources */ = {isa = PBXBuildFile; fileRef = 1C4520041B9340E600305548 /* TKAlertCenter.m */; };
		1C45200C1B934B1000305548 /* NewsDetailFootView.m in Sources */ = {isa = PBXBuildFile; fileRef = 1C45200B1B934B1000305548 /* NewsDetailFootView.m */; };
		1C4607DE1B7641020002337A /* MineViewController.m in Sources */ = {isa = PBXBuildFile; fileRef = 1C4607DD1B7641020002337A /* MineViewController.m */; };
		1C5A0BF81B8F6D3A005F8D2C /* ThemeModel.m in Sources */ = {isa = PBXBuildFile; fileRef = 1C5A0BF71B8F6D3A005F8D2C /* ThemeModel.m */; };
		1C5A0BFB1B8F7225005F8D2C /* ThemeViewModel.m in Sources */ = {isa = PBXBuildFile; fileRef = 1C5A0BFA1B8F7225005F8D2C /* ThemeViewModel.m */; };
		1C731C591B5807BF0015CDF4 /* NewsBannerView.m in Sources */ = {isa = PBXBuildFile; fileRef = 1C731C541B5807BF0015CDF4 /* NewsBannerView.m */; };
		1C731C5A1B5807BF0015CDF4 /* NewsListCell.m in Sources */ = {isa = PBXBuildFile; fileRef = 1C731C561B5807BF0015CDF4 /* NewsListCell.m */; };
		1C731C5B1B5807BF0015CDF4 /* NewsListView.m in Sources */ = {isa = PBXBuildFile; fileRef = 1C731C581B5807BF0015CDF4 /* NewsListView.m */; };
		1C9615EB1B949C010005FC4B /* News_Navigation_Arrow_Highlight@2x.png in Resources */ = {isa = PBXBuildFile; fileRef = 1C9615E11B949C000005FC4B /* News_Navigation_Arrow_Highlight@2x.png */; };
		1C9615EC1B949C010005FC4B /* News_Navigation_Arrow@2x.png in Resources */ = {isa = PBXBuildFile; fileRef = 1C9615E21B949C000005FC4B /* News_Navigation_Arrow@2x.png */; };
		1C9615ED1B949C010005FC4B /* News_Navigation_Comment@2x.png in Resources */ = {isa = PBXBuildFile; fileRef = 1C9615E31B949C010005FC4B /* News_Navigation_Comment@2x.png */; };
		1C9615EE1B949C010005FC4B /* News_Navigation_Next_Highlight@2x.png in Resources */ = {isa = PBXBuildFile; fileRef = 1C9615E41B949C010005FC4B /* News_Navigation_Next_Highlight@2x.png */; };
		1C9615EF1B949C010005FC4B /* News_Navigation_Next@2x.png in Resources */ = {isa = PBXBuildFile; fileRef = 1C9615E51B949C010005FC4B /* News_Navigation_Next@2x.png */; };
		1C9615F01B949C010005FC4B /* News_Navigation_Share_Highlight@2x.png in Resources */ = {isa = PBXBuildFile; fileRef = 1C9615E61B949C010005FC4B /* News_Navigation_Share_Highlight@2x.png */; };
		1C9615F11B949C010005FC4B /* News_Navigation_Share@2x.png in Resources */ = {isa = PBXBuildFile; fileRef = 1C9615E71B949C010005FC4B /* News_Navigation_Share@2x.png */; };
		1C9615F21B949C010005FC4B /* News_Navigation_Unnext@2x.png in Resources */ = {isa = PBXBuildFile; fileRef = 1C9615E81B949C010005FC4B /* News_Navigation_Unnext@2x.png */; };
		1C9615F31B949C010005FC4B /* News_Navigation_Vote@2x.png in Resources */ = {isa = PBXBuildFile; fileRef = 1C9615E91B949C010005FC4B /* News_Navigation_Vote@2x.png */; };
		1C9615F41B949C010005FC4B /* News_Navigation_Voted@2x.png in Resources */ = {isa = PBXBuildFile; fileRef = 1C9615EA1B949C010005FC4B /* News_Navigation_Voted@2x.png */; };
		1C9615F71B95C0D80005FC4B /* NewsDetailExtraViewModel.m in Sources */ = {isa = PBXBuildFile; fileRef = 1C9615F61B95C0D80005FC4B /* NewsDetailExtraViewModel.m */; };
		1C9615FA1B95C16B0005FC4B /* NewsDetailExtraModel.m in Sources */ = {isa = PBXBuildFile; fileRef = 1C9615F91B95C16B0005FC4B /* NewsDetailExtraModel.m */; };
		1C9615FD1B95C31C0005FC4B /* NewsDetailExtraInfo.m in Sources */ = {isa = PBXBuildFile; fileRef = 1C9615FC1B95C31C0005FC4B /* NewsDetailExtraInfo.m */; };
		1CA02DE01B6C956F00E83C97 /* NewsDetailHeadView.m in Sources */ = {isa = PBXBuildFile; fileRef = 1CA02DDF1B6C956F00E83C97 /* NewsDetailHeadView.m */; };
		1CAF1C411B4C2B96009244C5 /* HomePageViewController.m in Sources */ = {isa = PBXBuildFile; fileRef = 1CAF1C3E1B4C2B96009244C5 /* HomePageViewController.m */; };
		1CAF1C421B4C2B96009244C5 /* HomePageViewModel.m in Sources */ = {isa = PBXBuildFile; fileRef = 1CAF1C401B4C2B96009244C5 /* HomePageViewModel.m */; };
		1CAF1C451B4C2BBB009244C5 /* NewsListModel.m in Sources */ = {isa = PBXBuildFile; fileRef = 1CAF1C441B4C2BBB009244C5 /* NewsListModel.m */; };
		1CAF1C481B4C2BE0009244C5 /* NewsListItem.m in Sources */ = {isa = PBXBuildFile; fileRef = 1CAF1C471B4C2BE0009244C5 /* NewsListItem.m */; };
		1CAF1C4F1B4C33CC009244C5 /* NewsListInfo.m in Sources */ = {isa = PBXBuildFile; fileRef = 1CAF1C4E1B4C33CC009244C5 /* NewsListInfo.m */; };
		1CC66FAB1B6337B200E4C791 /* NewsDetailViewController.m in Sources */ = {isa = PBXBuildFile; fileRef = 1CC66FAA1B6337B200E4C791 /* NewsDetailViewController.m */; };
		1CC66FAE1B6338CB00E4C791 /* NewsDetailInfo.m in Sources */ = {isa = PBXBuildFile; fileRef = 1CC66FAD1B6338CB00E4C791 /* NewsDetailInfo.m */; };
		1CC66FB21B63D3EB00E4C791 /* NewsDetailWebView.m in Sources */ = {isa = PBXBuildFile; fileRef = 1CC66FB11B63D3EB00E4C791 /* NewsDetailWebView.m */; };
		1CE81F261B8CB90E009DBCF5 /* icon.png in Resources */ = {isa = PBXBuildFile; fileRef = 1CE81F251B8CB90E009DBCF5 /* icon.png */; };
		1CF27D9F1B99FC6F002AF1B6 /* MenuHeadView.m in Sources */ = {isa = PBXBuildFile; fileRef = 1CF27D9C1B99FC6F002AF1B6 /* MenuHeadView.m */; };
		1CF27DA01B99FC6F002AF1B6 /* MenuTableView.m in Sources */ = {isa = PBXBuildFile; fileRef = 1CF27D9E1B99FC6F002AF1B6 /* MenuTableView.m */; };
		1CF27DA51B99FF9D002AF1B6 /* NSTimer+Extention.m in Sources */ = {isa = PBXBuildFile; fileRef = 1CF27DA21B99FF9D002AF1B6 /* NSTimer+Extention.m */; };
		1CF27DA61B99FF9D002AF1B6 /* UIColor+ZHDAddition.m in Sources */ = {isa = PBXBuildFile; fileRef = 1CF27DA41B99FF9D002AF1B6 /* UIColor+ZHDAddition.m */; };
		1CF27DA91B9A69DE002AF1B6 /* MenuFooterView.m in Sources */ = {isa = PBXBuildFile; fileRef = 1CF27DA81B9A69DE002AF1B6 /* MenuFooterView.m */; };
		1CF27DB21B9AF20B002AF1B6 /* Account_Avatar@2x.png in Resources */ = {isa = PBXBuildFile; fileRef = 1CF27DAB1B9AF20B002AF1B6 /* Account_Avatar@2x.png */; };
		1CF27DB31B9AF20B002AF1B6 /* Dark_Menu_Icon_Setting@2x.png in Resources */ = {isa = PBXBuildFile; fileRef = 1CF27DAC1B9AF20B002AF1B6 /* Dark_Menu_Icon_Setting@2x.png */; };
		1CF27DB41B9AF20B002AF1B6 /* Menu_Dark@2x.png in Resources */ = {isa = PBXBuildFile; fileRef = 1CF27DAD1B9AF20B002AF1B6 /* Menu_Dark@2x.png */; };
		1CF27DB51B9AF20B002AF1B6 /* Menu_Day@2x.png in Resources */ = {isa = PBXBuildFile; fileRef = 1CF27DAE1B9AF20B002AF1B6 /* Menu_Day@2x.png */; };
		1CF27DB61B9AF20B002AF1B6 /* Menu_Download@2x.png in Resources */ = {isa = PBXBuildFile; fileRef = 1CF27DAF1B9AF20B002AF1B6 /* Menu_Download@2x.png */; };
		1CF27DB71B9AF20B002AF1B6 /* Menu_Icon_Collect@2x.png in Resources */ = {isa = PBXBuildFile; fileRef = 1CF27DB01B9AF20B002AF1B6 /* Menu_Icon_Collect@2x.png */; };
		1CF27DB81B9AF20B002AF1B6 /* Menu_Icon_Message@2x.png in Resources */ = {isa = PBXBuildFile; fileRef = 1CF27DB11B9AF20B002AF1B6 /* Menu_Icon_Message@2x.png */; };
		1CF27DBA1B9B2360002AF1B6 /* Menu_Avatar@2x.png in Resources */ = {isa = PBXBuildFile; fileRef = 1CF27DB91B9B2360002AF1B6 /* Menu_Avatar@2x.png */; };
/* End PBXBuildFile section */

/* Begin PBXContainerItemProxy section */
		1C3F06281B4ADE8800756388 /* PBXContainerItemProxy */ = {
			isa = PBXContainerItemProxy;
			containerPortal = 1C3F06061B4ADE8800756388 /* Project object */;
			proxyType = 1;
			remoteGlobalIDString = 1C3F060D1B4ADE8800756388;
			remoteInfo = ZhiHuDaily;
		};
/* End PBXContainerItemProxy section */

/* Begin PBXFileReference section */
		1AA1C4458927512CFFDD4690 /* Pods-ZhiHuDaily.debug.xcconfig */ = {isa = PBXFileReference; includeInIndex = 1; lastKnownFileType = text.xcconfig; name = "Pods-ZhiHuDaily.debug.xcconfig"; path = "Pods/Target Support Files/Pods-ZhiHuDaily/Pods-ZhiHuDaily.debug.xcconfig"; sourceTree = "<group>"; };
		1C0FFF1A1B5AA48D000CB182 /* NewsBannerItem.h */ = {isa = PBXFileReference; fileEncoding = 4; lastKnownFileType = sourcecode.c.h; name = NewsBannerItem.h; path = Domain/NewsBannerItem.h; sourceTree = "<group>"; };
		1C0FFF1B1B5AA48D000CB182 /* NewsBannerItem.m */ = {isa = PBXFileReference; fileEncoding = 4; lastKnownFileType = sourcecode.c.objc; name = NewsBannerItem.m; path = Domain/NewsBannerItem.m; sourceTree = "<group>"; };
		1C2A88361B63F4240065F915 /* NewsDetailModel.h */ = {isa = PBXFileReference; fileEncoding = 4; lastKnownFileType = sourcecode.c.h; name = NewsDetailModel.h; path = Model/NewsDetailModel.h; sourceTree = "<group>"; };
		1C2A88371B63F4240065F915 /* NewsDetailModel.m */ = {isa = PBXFileReference; fileEncoding = 4; lastKnownFileType = sourcecode.c.objc; name = NewsDetailModel.m; path = Model/NewsDetailModel.m; sourceTree = "<group>"; };
		1C2A88391B63F5350065F915 /* NewsDetailViewModel.h */ = {isa = PBXFileReference; fileEncoding = 4; lastKnownFileType = sourcecode.c.h; name = NewsDetailViewModel.h; path = NewsDetail/NewsDetailViewModel.h; sourceTree = "<group>"; };
		1C2A883A1B63F5350065F915 /* NewsDetailViewModel.m */ = {isa = PBXFileReference; fileEncoding = 4; lastKnownFileType = sourcecode.c.objc; name = NewsDetailViewModel.m; path = NewsDetail/NewsDetailViewModel.m; sourceTree = "<group>"; };
		1C2AF03F1B8CBCDA0073659C /* Home_Icon@2x.png */ = {isa = PBXFileReference; lastKnownFileType = image.png; name = "Home_Icon@2x.png"; path = "Resource/Home_Icon@2x.png"; sourceTree = "<group>"; };
		1C2AF0411B8CBE5A0073659C /* NavigationBar_background@2x.png */ = {isa = PBXFileReference; lastKnownFileType = image.png; name = "NavigationBar_background@2x.png"; path = "Resource/NavigationBar_background@2x.png"; sourceTree = "<group>"; };
		1C3F060E1B4ADE8800756388 /* ZhiHuDaily.app */ = {isa = PBXFileReference; explicitFileType = wrapper.application; includeInIndex = 0; path = ZhiHuDaily.app; sourceTree = BUILT_PRODUCTS_DIR; };
		1C3F06121B4ADE8800756388 /* Info.plist */ = {isa = PBXFileReference; lastKnownFileType = text.plist.xml; path = Info.plist; sourceTree = "<group>"; };
		1C3F06131B4ADE8800756388 /* main.m */ = {isa = PBXFileReference; lastKnownFileType = sourcecode.c.objc; path = main.m; sourceTree = "<group>"; };
		1C3F06151B4ADE8800756388 /* AppDelegate.h */ = {isa = PBXFileReference; lastKnownFileType = sourcecode.c.h; path = AppDelegate.h; sourceTree = "<group>"; };
		1C3F06161B4ADE8800756388 /* AppDelegate.m */ = {isa = PBXFileReference; lastKnownFileType = sourcecode.c.objc; path = AppDelegate.m; sourceTree = "<group>"; };
		1C3F061C1B4ADE8800756388 /* Base */ = {isa = PBXFileReference; lastKnownFileType = file.storyboard; name = Base; path = Base.lproj/Main.storyboard; sourceTree = "<group>"; };
		1C3F061E1B4ADE8800756388 /* Images.xcassets */ = {isa = PBXFileReference; lastKnownFileType = folder.assetcatalog; path = Images.xcassets; sourceTree = "<group>"; };
		1C3F06211B4ADE8800756388 /* Base */ = {isa = PBXFileReference; lastKnownFileType = file.xib; name = Base; path = Base.lproj/LaunchScreen.xib; sourceTree = "<group>"; };
		1C3F06271B4ADE8800756388 /* ZhiHuDailyTests.xctest */ = {isa = PBXFileReference; explicitFileType = wrapper.cfbundle; includeInIndex = 0; path = ZhiHuDailyTests.xctest; sourceTree = BUILT_PRODUCTS_DIR; };
		1C3F062C1B4ADE8800756388 /* Info.plist */ = {isa = PBXFileReference; lastKnownFileType = text.plist.xml; path = Info.plist; sourceTree = "<group>"; };
		1C3F062D1B4ADE8800756388 /* ZhiHuDailyTests.m */ = {isa = PBXFileReference; lastKnownFileType = sourcecode.c.objc; path = ZhiHuDailyTests.m; sourceTree = "<group>"; };
		1C4520031B9340E600305548 /* TKAlertCenter.h */ = {isa = PBXFileReference; fileEncoding = 4; lastKnownFileType = sourcecode.c.h; name = TKAlertCenter.h; path = ZHDKit/TKAlertCenter.h; sourceTree = "<group>"; };
		1C4520041B9340E600305548 /* TKAlertCenter.m */ = {isa = PBXFileReference; fileEncoding = 4; lastKnownFileType = sourcecode.c.objc; name = TKAlertCenter.m; path = ZHDKit/TKAlertCenter.m; sourceTree = "<group>"; };
		1C45200A1B934B1000305548 /* NewsDetailFootView.h */ = {isa = PBXFileReference; fileEncoding = 4; lastKnownFileType = sourcecode.c.h; name = NewsDetailFootView.h; path = NewsDetail/view/NewsDetailFootView.h; sourceTree = "<group>"; };
		1C45200B1B934B1000305548 /* NewsDetailFootView.m */ = {isa = PBXFileReference; fileEncoding = 4; lastKnownFileType = sourcecode.c.objc; name = NewsDetailFootView.m; path = NewsDetail/view/NewsDetailFootView.m; sourceTree = "<group>"; };
		1C4607DC1B7641020002337A /* MineViewController.h */ = {isa = PBXFileReference; fileEncoding = 4; lastKnownFileType = sourcecode.c.h; name = MineViewController.h; path = Mine/MineViewController.h; sourceTree = "<group>"; };
		1C4607DD1B7641020002337A /* MineViewController.m */ = {isa = PBXFileReference; fileEncoding = 4; lastKnownFileType = sourcecode.c.objc; name = MineViewController.m; path = Mine/MineViewController.m; sourceTree = "<group>"; };
		1C486B801B4EBDAA006CA099 /* ZhiHuDaily-Prefix.pch */ = {isa = PBXFileReference; fileEncoding = 4; lastKnownFileType = sourcecode.c.h; path = "ZhiHuDaily-Prefix.pch"; sourceTree = "<group>"; };
		1C5A0BF61B8F6D3A005F8D2C /* ThemeModel.h */ = {isa = PBXFileReference; fileEncoding = 4; lastKnownFileType = sourcecode.c.h; name = ThemeModel.h; path = Model/ThemeModel.h; sourceTree = "<group>"; };
		1C5A0BF71B8F6D3A005F8D2C /* ThemeModel.m */ = {isa = PBXFileReference; fileEncoding = 4; lastKnownFileType = sourcecode.c.objc; name = ThemeModel.m; path = Model/ThemeModel.m; sourceTree = "<group>"; };
		1C5A0BF91B8F7225005F8D2C /* ThemeViewModel.h */ = {isa = PBXFileReference; fileEncoding = 4; lastKnownFileType = sourcecode.c.h; name = ThemeViewModel.h; path = Mine/ThemeViewModel.h; sourceTree = "<group>"; };
		1C5A0BFA1B8F7225005F8D2C /* ThemeViewModel.m */ = {isa = PBXFileReference; fileEncoding = 4; lastKnownFileType = sourcecode.c.objc; name = ThemeViewModel.m; path = Mine/ThemeViewModel.m; sourceTree = "<group>"; };
		1C731C531B5807BF0015CDF4 /* NewsBannerView.h */ = {isa = PBXFileReference; fileEncoding = 4; lastKnownFileType = sourcecode.c.h; name = NewsBannerView.h; path = HomePage/View/NewsBannerView.h; sourceTree = "<group>"; };
		1C731C541B5807BF0015CDF4 /* NewsBannerView.m */ = {isa = PBXFileReference; fileEncoding = 4; lastKnownFileType = sourcecode.c.objc; name = NewsBannerView.m; path = HomePage/View/NewsBannerView.m; sourceTree = "<group>"; };
		1C731C551B5807BF0015CDF4 /* NewsListCell.h */ = {isa = PBXFileReference; fileEncoding = 4; lastKnownFileType = sourcecode.c.h; name = NewsListCell.h; path = HomePage/View/NewsListCell.h; sourceTree = "<group>"; };
		1C731C561B5807BF0015CDF4 /* NewsListCell.m */ = {isa = PBXFileReference; fileEncoding = 4; lastKnownFileType = sourcecode.c.objc; name = NewsListCell.m; path = HomePage/View/NewsListCell.m; sourceTree = "<group>"; };
		1C731C571B5807BF0015CDF4 /* NewsListView.h */ = {isa = PBXFileReference; fileEncoding = 4; lastKnownFileType = sourcecode.c.h; name = NewsListView.h; path = HomePage/View/NewsListView.h; sourceTree = "<group>"; };
		1C731C581B5807BF0015CDF4 /* NewsListView.m */ = {isa = PBXFileReference; fileEncoding = 4; lastKnownFileType = sourcecode.c.objc; name = NewsListView.m; path = HomePage/View/NewsListView.m; sourceTree = "<group>"; };
		1C9615E11B949C000005FC4B /* News_Navigation_Arrow_Highlight@2x.png */ = {isa = PBXFileReference; lastKnownFileType = image.png; name = "News_Navigation_Arrow_Highlight@2x.png"; path = "Resource/News_Navigation/News_Navigation_Arrow_Highlight@2x.png"; sourceTree = "<group>"; };
		1C9615E21B949C000005FC4B /* News_Navigation_Arrow@2x.png */ = {isa = PBXFileReference; lastKnownFileType = image.png; name = "News_Navigation_Arrow@2x.png"; path = "Resource/News_Navigation/News_Navigation_Arrow@2x.png"; sourceTree = "<group>"; };
		1C9615E31B949C010005FC4B /* News_Navigation_Comment@2x.png */ = {isa = PBXFileReference; lastKnownFileType = image.png; name = "News_Navigation_Comment@2x.png"; path = "Resource/News_Navigation/News_Navigation_Comment@2x.png"; sourceTree = "<group>"; };
		1C9615E41B949C010005FC4B /* News_Navigation_Next_Highlight@2x.png */ = {isa = PBXFileReference; lastKnownFileType = image.png; name = "News_Navigation_Next_Highlight@2x.png"; path = "Resource/News_Navigation/News_Navigation_Next_Highlight@2x.png"; sourceTree = "<group>"; };
		1C9615E51B949C010005FC4B /* News_Navigation_Next@2x.png */ = {isa = PBXFileReference; lastKnownFileType = image.png; name = "News_Navigation_Next@2x.png"; path = "Resource/News_Navigation/News_Navigation_Next@2x.png"; sourceTree = "<group>"; };
		1C9615E61B949C010005FC4B /* News_Navigation_Share_Highlight@2x.png */ = {isa = PBXFileReference; lastKnownFileType = image.png; name = "News_Navigation_Share_Highlight@2x.png"; path = "Resource/News_Navigation/News_Navigation_Share_Highlight@2x.png"; sourceTree = "<group>"; };
		1C9615E71B949C010005FC4B /* News_Navigation_Share@2x.png */ = {isa = PBXFileReference; lastKnownFileType = image.png; name = "News_Navigation_Share@2x.png"; path = "Resource/News_Navigation/News_Navigation_Share@2x.png"; sourceTree = "<group>"; };
		1C9615E81B949C010005FC4B /* News_Navigation_Unnext@2x.png */ = {isa = PBXFileReference; lastKnownFileType = image.png; name = "News_Navigation_Unnext@2x.png"; path = "Resource/News_Navigation/News_Navigation_Unnext@2x.png"; sourceTree = "<group>"; };
		1C9615E91B949C010005FC4B /* News_Navigation_Vote@2x.png */ = {isa = PBXFileReference; lastKnownFileType = image.png; name = "News_Navigation_Vote@2x.png"; path = "Resource/News_Navigation/News_Navigation_Vote@2x.png"; sourceTree = "<group>"; };
		1C9615EA1B949C010005FC4B /* News_Navigation_Voted@2x.png */ = {isa = PBXFileReference; lastKnownFileType = image.png; name = "News_Navigation_Voted@2x.png"; path = "Resource/News_Navigation/News_Navigation_Voted@2x.png"; sourceTree = "<group>"; };
		1C9615F51B95C0D80005FC4B /* NewsDetailExtraViewModel.h */ = {isa = PBXFileReference; fileEncoding = 4; lastKnownFileType = sourcecode.c.h; name = NewsDetailExtraViewModel.h; path = NewsDetail/NewsDetailExtraViewModel.h; sourceTree = "<group>"; };
		1C9615F61B95C0D80005FC4B /* NewsDetailExtraViewModel.m */ = {isa = PBXFileReference; fileEncoding = 4; lastKnownFileType = sourcecode.c.objc; name = NewsDetailExtraViewModel.m; path = NewsDetail/NewsDetailExtraViewModel.m; sourceTree = "<group>"; };
		1C9615F81B95C16B0005FC4B /* NewsDetailExtraModel.h */ = {isa = PBXFileReference; fileEncoding = 4; lastKnownFileType = sourcecode.c.h; name = NewsDetailExtraModel.h; path = Model/NewsDetailExtraModel.h; sourceTree = "<group>"; };
		1C9615F91B95C16B0005FC4B /* NewsDetailExtraModel.m */ = {isa = PBXFileReference; fileEncoding = 4; lastKnownFileType = sourcecode.c.objc; name = NewsDetailExtraModel.m; path = Model/NewsDetailExtraModel.m; sourceTree = "<group>"; };
		1C9615FB1B95C31C0005FC4B /* NewsDetailExtraInfo.h */ = {isa = PBXFileReference; fileEncoding = 4; lastKnownFileType = sourcecode.c.h; name = NewsDetailExtraInfo.h; path = Domain/NewsDetailExtraInfo.h; sourceTree = "<group>"; };
		1C9615FC1B95C31C0005FC4B /* NewsDetailExtraInfo.m */ = {isa = PBXFileReference; fileEncoding = 4; lastKnownFileType = sourcecode.c.objc; name = NewsDetailExtraInfo.m; path = Domain/NewsDetailExtraInfo.m; sourceTree = "<group>"; };
		1CA02DDE1B6C956F00E83C97 /* NewsDetailHeadView.h */ = {isa = PBXFileReference; fileEncoding = 4; lastKnownFileType = sourcecode.c.h; name = NewsDetailHeadView.h; path = NewsDetail/view/NewsDetailHeadView.h; sourceTree = "<group>"; };
		1CA02DDF1B6C956F00E83C97 /* NewsDetailHeadView.m */ = {isa = PBXFileReference; fileEncoding = 4; lastKnownFileType = sourcecode.c.objc; name = NewsDetailHeadView.m; path = NewsDetail/view/NewsDetailHeadView.m; sourceTree = "<group>"; };
		1CAF1C3D1B4C2B96009244C5 /* HomePageViewController.h */ = {isa = PBXFileReference; fileEncoding = 4; lastKnownFileType = sourcecode.c.h; name = HomePageViewController.h; path = HomePage/HomePageViewController.h; sourceTree = "<group>"; };
		1CAF1C3E1B4C2B96009244C5 /* HomePageViewController.m */ = {isa = PBXFileReference; fileEncoding = 4; lastKnownFileType = sourcecode.c.objc; name = HomePageViewController.m; path = HomePage/HomePageViewController.m; sourceTree = "<group>"; };
		1CAF1C3F1B4C2B96009244C5 /* HomePageViewModel.h */ = {isa = PBXFileReference; fileEncoding = 4; lastKnownFileType = sourcecode.c.h; name = HomePageViewModel.h; path = HomePage/HomePageViewModel.h; sourceTree = "<group>"; };
		1CAF1C401B4C2B96009244C5 /* HomePageViewModel.m */ = {isa = PBXFileReference; fileEncoding = 4; lastKnownFileType = sourcecode.c.objc; name = HomePageViewModel.m; path = HomePage/HomePageViewModel.m; sourceTree = "<group>"; };
		1CAF1C431B4C2BBB009244C5 /* NewsListModel.h */ = {isa = PBXFileReference; fileEncoding = 4; lastKnownFileType = sourcecode.c.h; name = NewsListModel.h; path = Model/NewsListModel.h; sourceTree = "<group>"; };
		1CAF1C441B4C2BBB009244C5 /* NewsListModel.m */ = {isa = PBXFileReference; fileEncoding = 4; lastKnownFileType = sourcecode.c.objc; name = NewsListModel.m; path = Model/NewsListModel.m; sourceTree = "<group>"; };
		1CAF1C461B4C2BE0009244C5 /* NewsListItem.h */ = {isa = PBXFileReference; fileEncoding = 4; lastKnownFileType = sourcecode.c.h; name = NewsListItem.h; path = Domain/NewsListItem.h; sourceTree = "<group>"; };
		1CAF1C471B4C2BE0009244C5 /* NewsListItem.m */ = {isa = PBXFileReference; fileEncoding = 4; lastKnownFileType = sourcecode.c.objc; name = NewsListItem.m; path = Domain/NewsListItem.m; sourceTree = "<group>"; };
		1CAF1C4D1B4C33CC009244C5 /* NewsListInfo.h */ = {isa = PBXFileReference; fileEncoding = 4; lastKnownFileType = sourcecode.c.h; name = NewsListInfo.h; path = Domain/NewsListInfo.h; sourceTree = "<group>"; };
		1CAF1C4E1B4C33CC009244C5 /* NewsListInfo.m */ = {isa = PBXFileReference; fileEncoding = 4; lastKnownFileType = sourcecode.c.objc; name = NewsListInfo.m; path = Domain/NewsListInfo.m; sourceTree = "<group>"; };
		1CC66FA91B6337B200E4C791 /* NewsDetailViewController.h */ = {isa = PBXFileReference; fileEncoding = 4; lastKnownFileType = sourcecode.c.h; name = NewsDetailViewController.h; path = NewsDetail/NewsDetailViewController.h; sourceTree = "<group>"; };
		1CC66FAA1B6337B200E4C791 /* NewsDetailViewController.m */ = {isa = PBXFileReference; fileEncoding = 4; lastKnownFileType = sourcecode.c.objc; name = NewsDetailViewController.m; path = NewsDetail/NewsDetailViewController.m; sourceTree = "<group>"; };
		1CC66FAC1B6338CB00E4C791 /* NewsDetailInfo.h */ = {isa = PBXFileReference; fileEncoding = 4; lastKnownFileType = sourcecode.c.h; name = NewsDetailInfo.h; path = Domain/NewsDetailInfo.h; sourceTree = "<group>"; };
		1CC66FAD1B6338CB00E4C791 /* NewsDetailInfo.m */ = {isa = PBXFileReference; fileEncoding = 4; lastKnownFileType = sourcecode.c.objc; name = NewsDetailInfo.m; path = Domain/NewsDetailInfo.m; sourceTree = "<group>"; };
		1CC66FB01B63D3EB00E4C791 /* NewsDetailWebView.h */ = {isa = PBXFileReference; fileEncoding = 4; lastKnownFileType = sourcecode.c.h; name = NewsDetailWebView.h; path = NewsDetail/view/NewsDetailWebView.h; sourceTree = "<group>"; };
		1CC66FB11B63D3EB00E4C791 /* NewsDetailWebView.m */ = {isa = PBXFileReference; fileEncoding = 4; lastKnownFileType = sourcecode.c.objc; name = NewsDetailWebView.m; path = NewsDetail/view/NewsDetailWebView.m; sourceTree = "<group>"; };
		1CCFC1471B5B7E350010C6C6 /* ZhiHuDailyMacros.h */ = {isa = PBXFileReference; lastKnownFileType = sourcecode.c.h; path = ZhiHuDailyMacros.h; sourceTree = "<group>"; };
		1CE81F251B8CB90E009DBCF5 /* icon.png */ = {isa = PBXFileReference; lastKnownFileType = image.png; path = icon.png; sourceTree = "<group>"; };
		1CF27D9B1B99FC6F002AF1B6 /* MenuHeadView.h */ = {isa = PBXFileReference; fileEncoding = 4; lastKnownFileType = sourcecode.c.h; name = MenuHeadView.h; path = Mine/View/MenuHeadView.h; sourceTree = "<group>"; };
		1CF27D9C1B99FC6F002AF1B6 /* MenuHeadView.m */ = {isa = PBXFileReference; fileEncoding = 4; lastKnownFileType = sourcecode.c.objc; name = MenuHeadView.m; path = Mine/View/MenuHeadView.m; sourceTree = "<group>"; };
		1CF27D9D1B99FC6F002AF1B6 /* MenuTableView.h */ = {isa = PBXFileReference; fileEncoding = 4; lastKnownFileType = sourcecode.c.h; name = MenuTableView.h; path = Mine/View/MenuTableView.h; sourceTree = "<group>"; };
		1CF27D9E1B99FC6F002AF1B6 /* MenuTableView.m */ = {isa = PBXFileReference; fileEncoding = 4; lastKnownFileType = sourcecode.c.objc; name = MenuTableView.m; path = Mine/View/MenuTableView.m; sourceTree = "<group>"; };
		1CF27DA11B99FF9D002AF1B6 /* NSTimer+Extention.h */ = {isa = PBXFileReference; fileEncoding = 4; lastKnownFileType = sourcecode.c.h; name = "NSTimer+Extention.h"; path = "ZKDUtil/NSTimer+Extention.h"; sourceTree = "<group>"; };
		1CF27DA21B99FF9D002AF1B6 /* NSTimer+Extention.m */ = {isa = PBXFileReference; fileEncoding = 4; lastKnownFileType = sourcecode.c.objc; name = "NSTimer+Extention.m"; path = "ZKDUtil/NSTimer+Extention.m"; sourceTree = "<group>"; };
		1CF27DA31B99FF9D002AF1B6 /* UIColor+ZHDAddition.h */ = {isa = PBXFileReference; fileEncoding = 4; lastKnownFileType = sourcecode.c.h; name = "UIColor+ZHDAddition.h"; path = "ZKDUtil/UIColor+ZHDAddition.h"; sourceTree = "<group>"; };
		1CF27DA41B99FF9D002AF1B6 /* UIColor+ZHDAddition.m */ = {isa = PBXFileReference; fileEncoding = 4; lastKnownFileType = sourcecode.c.objc; name = "UIColor+ZHDAddition.m"; path = "ZKDUtil/UIColor+ZHDAddition.m"; sourceTree = "<group>"; };
		1CF27DA71B9A69DE002AF1B6 /* MenuFooterView.h */ = {isa = PBXFileReference; fileEncoding = 4; lastKnownFileType = sourcecode.c.h; name = MenuFooterView.h; path = Mine/View/MenuFooterView.h; sourceTree = "<group>"; };
		1CF27DA81B9A69DE002AF1B6 /* MenuFooterView.m */ = {isa = PBXFileReference; fileEncoding = 4; lastKnownFileType = sourcecode.c.objc; name = MenuFooterView.m; path = Mine/View/MenuFooterView.m; sourceTree = "<group>"; };
		1CF27DAB1B9AF20B002AF1B6 /* Account_Avatar@2x.png */ = {isa = PBXFileReference; lastKnownFileType = image.png; name = "Account_Avatar@2x.png"; path = "Resource/Menu/Account_Avatar@2x.png"; sourceTree = "<group>"; };
		1CF27DAC1B9AF20B002AF1B6 /* Dark_Menu_Icon_Setting@2x.png */ = {isa = PBXFileReference; lastKnownFileType = image.png; name = "Dark_Menu_Icon_Setting@2x.png"; path = "Resource/Menu/Dark_Menu_Icon_Setting@2x.png"; sourceTree = "<group>"; };
		1CF27DAD1B9AF20B002AF1B6 /* Menu_Dark@2x.png */ = {isa = PBXFileReference; lastKnownFileType = image.png; name = "Menu_Dark@2x.png"; path = "Resource/Menu/Menu_Dark@2x.png"; sourceTree = "<group>"; };
		1CF27DAE1B9AF20B002AF1B6 /* Menu_Day@2x.png */ = {isa = PBXFileReference; lastKnownFileType = image.png; name = "Menu_Day@2x.png"; path = "Resource/Menu/Menu_Day@2x.png"; sourceTree = "<group>"; };
		1CF27DAF1B9AF20B002AF1B6 /* Menu_Download@2x.png */ = {isa = PBXFileReference; lastKnownFileType = image.png; name = "Menu_Download@2x.png"; path = "Resource/Menu/Menu_Download@2x.png"; sourceTree = "<group>"; };
		1CF27DB01B9AF20B002AF1B6 /* Menu_Icon_Collect@2x.png */ = {isa = PBXFileReference; lastKnownFileType = image.png; name = "Menu_Icon_Collect@2x.png"; path = "Resource/Menu/Menu_Icon_Collect@2x.png"; sourceTree = "<group>"; };
		1CF27DB11B9AF20B002AF1B6 /* Menu_Icon_Message@2x.png */ = {isa = PBXFileReference; lastKnownFileType = image.png; name = "Menu_Icon_Message@2x.png"; path = "Resource/Menu/Menu_Icon_Message@2x.png"; sourceTree = "<group>"; };
		1CF27DB91B9B2360002AF1B6 /* Menu_Avatar@2x.png */ = {isa = PBXFileReference; lastKnownFileType = image.png; name = "Menu_Avatar@2x.png"; path = "Resource/Menu/Menu_Avatar@2x.png"; sourceTree = "<group>"; };
		291C20FDB12AA200F7F27131 /* Pods.debug.xcconfig */ = {isa = PBXFileReference; includeInIndex = 1; lastKnownFileType = text.xcconfig; name = Pods.debug.xcconfig; path = "Pods/Target Support Files/Pods/Pods.debug.xcconfig"; sourceTree = "<group>"; };
		362D0F643511FD639CB6B01F /* libPods.a */ = {isa = PBXFileReference; explicitFileType = archive.ar; includeInIndex = 0; path = libPods.a; sourceTree = BUILT_PRODUCTS_DIR; };
		B4E21A4FA8C58F18813206F9 /* libPods-ZhiHuDaily.a */ = {isa = PBXFileReference; explicitFileType = archive.ar; includeInIndex = 0; path = "libPods-ZhiHuDaily.a"; sourceTree = BUILT_PRODUCTS_DIR; };
		BBA4BD59F1A06D3E794F6364 /* Pods-ZhiHuDaily.release.xcconfig */ = {isa = PBXFileReference; includeInIndex = 1; lastKnownFileType = text.xcconfig; name = "Pods-ZhiHuDaily.release.xcconfig"; path = "Pods/Target Support Files/Pods-ZhiHuDaily/Pods-ZhiHuDaily.release.xcconfig"; sourceTree = "<group>"; };
		C8072BD3A93C61211C275FA0 /* Pods.release.xcconfig */ = {isa = PBXFileReference; includeInIndex = 1; lastKnownFileType = text.xcconfig; name = Pods.release.xcconfig; path = "Pods/Target Support Files/Pods/Pods.release.xcconfig"; sourceTree = "<group>"; };
/* End PBXFileReference section */

/* Begin PBXFrameworksBuildPhase section */
		1C3F060B1B4ADE8800756388 /* Frameworks */ = {
			isa = PBXFrameworksBuildPhase;
			buildActionMask = 2147483647;
			files = (
			);
			runOnlyForDeploymentPostprocessing = 0;
		};
		1C3F06241B4ADE8800756388 /* Frameworks */ = {
			isa = PBXFrameworksBuildPhase;
			buildActionMask = 2147483647;
			files = (
			);
			runOnlyForDeploymentPostprocessing = 0;
		};
/* End PBXFrameworksBuildPhase section */

/* Begin PBXGroup section */
		0C1A000BF132B0B35DFA0AF9 /* Frameworks */ = {
			isa = PBXGroup;
			children = (
				362D0F643511FD639CB6B01F /* libPods.a */,
				B4E21A4FA8C58F18813206F9 /* libPods-ZhiHuDaily.a */,
			);
			name = Frameworks;
			sourceTree = "<group>";
		};
		1C3F06051B4ADE8800756388 = {
			isa = PBXGroup;
			children = (
				1C3F06101B4ADE8800756388 /* ZhiHuDaily */,
				1C3F062A1B4ADE8800756388 /* ZhiHuDailyTests */,
				1C3F060F1B4ADE8800756388 /* Products */,
				B450BD99E2FFAEA5D4D0AB94 /* Pods */,
				0C1A000BF132B0B35DFA0AF9 /* Frameworks */,
			);
			sourceTree = "<group>";
		};
		1C3F060F1B4ADE8800756388 /* Products */ = {
			isa = PBXGroup;
			children = (
				1C3F060E1B4ADE8800756388 /* ZhiHuDaily.app */,
				1C3F06271B4ADE8800756388 /* ZhiHuDailyTests.xctest */,
			);
			name = Products;
			sourceTree = "<group>";
		};
		1C3F06101B4ADE8800756388 /* ZhiHuDaily */ = {
			isa = PBXGroup;
			children = (
				1CF27DBB1B9B2FE2002AF1B6 /* ZHDBase */,
				1C4520061B9344BE00305548 /* ZHDUtil */,
				1C4520021B9340D200305548 /* ZHDKit */,
				1CC66FA81B63375800E4C791 /* NewsDetail */,
				1CAF1C391B4C2A4C009244C5 /* Domain */,
				1CAF1C351B4C2A33009244C5 /* Model */,
				1CAF1C2E1B4C293C009244C5 /* Mine */,
				1CAF1C2D1B4C2934009244C5 /* HomePage */,
				1C3F06151B4ADE8800756388 /* AppDelegate.h */,
				1C3F06161B4ADE8800756388 /* AppDelegate.m */,
				1C3F061B1B4ADE8800756388 /* Main.storyboard */,
				1C3F061E1B4ADE8800756388 /* Images.xcassets */,
				1C3F06201B4ADE8800756388 /* LaunchScreen.xib */,
				1C3F06111B4ADE8800756388 /* Supporting Files */,
				1C4607DF1B764FF40002337A /* Resource */,
			);
			path = ZhiHuDaily;
			sourceTree = "<group>";
		};
		1C3F06111B4ADE8800756388 /* Supporting Files */ = {
			isa = PBXGroup;
			children = (
				1CE81F251B8CB90E009DBCF5 /* icon.png */,
				1C486B801B4EBDAA006CA099 /* ZhiHuDaily-Prefix.pch */,
				1C3F06121B4ADE8800756388 /* Info.plist */,
				1C3F06131B4ADE8800756388 /* main.m */,
				1CCFC1471B5B7E350010C6C6 /* ZhiHuDailyMacros.h */,
			);
			name = "Supporting Files";
			sourceTree = "<group>";
		};
		1C3F062A1B4ADE8800756388 /* ZhiHuDailyTests */ = {
			isa = PBXGroup;
			children = (
				1C3F062D1B4ADE8800756388 /* ZhiHuDailyTests.m */,
				1C3F062B1B4ADE8800756388 /* Supporting Files */,
			);
			path = ZhiHuDailyTests;
			sourceTree = "<group>";
		};
		1C3F062B1B4ADE8800756388 /* Supporting Files */ = {
			isa = PBXGroup;
			children = (
				1C3F062C1B4ADE8800756388 /* Info.plist */,
			);
			name = "Supporting Files";
			sourceTree = "<group>";
		};
		1C4520021B9340D200305548 /* ZHDKit */ = {
			isa = PBXGroup;
			children = (
				1C4520031B9340E600305548 /* TKAlertCenter.h */,
				1C4520041B9340E600305548 /* TKAlertCenter.m */,
			);
			name = ZHDKit;
			sourceTree = "<group>";
		};
		1C4520061B9344BE00305548 /* ZHDUtil */ = {
			isa = PBXGroup;
			children = (
				1CF27DA11B99FF9D002AF1B6 /* NSTimer+Extention.h */,
				1CF27DA21B99FF9D002AF1B6 /* NSTimer+Extention.m */,
				1CF27DA31B99FF9D002AF1B6 /* UIColor+ZHDAddition.h */,
				1CF27DA41B99FF9D002AF1B6 /* UIColor+ZHDAddition.m */,
			);
			name = ZHDUtil;
			sourceTree = "<group>";
		};
		1C4607DF1B764FF40002337A /* Resource */ = {
			isa = PBXGroup;
			children = (
				1CF27DAA1B9AF1FB002AF1B6 /* Menu */,
				1C9615DE1B949BB50005FC4B /* News_Navigation */,
				1C2AF0411B8CBE5A0073659C /* NavigationBar_background@2x.png */,
				1C2AF03F1B8CBCDA0073659C /* Home_Icon@2x.png */,
			);
			name = Resource;
			sourceTree = "<group>";
		};
		1C4607E21B7730C20002337A /* View */ = {
			isa = PBXGroup;
			children = (
				1CF27D9B1B99FC6F002AF1B6 /* MenuHeadView.h */,
				1CF27D9C1B99FC6F002AF1B6 /* MenuHeadView.m */,
				1CF27D9D1B99FC6F002AF1B6 /* MenuTableView.h */,
				1CF27D9E1B99FC6F002AF1B6 /* MenuTableView.m */,
				1CF27DA71B9A69DE002AF1B6 /* MenuFooterView.h */,
				1CF27DA81B9A69DE002AF1B6 /* MenuFooterView.m */,
			);
			name = View;
			sourceTree = "<group>";
		};
		1C9615DE1B949BB50005FC4B /* News_Navigation */ = {
			isa = PBXGroup;
			children = (
				1C9615E11B949C000005FC4B /* News_Navigation_Arrow_Highlight@2x.png */,
				1C9615E21B949C000005FC4B /* News_Navigation_Arrow@2x.png */,
				1C9615E31B949C010005FC4B /* News_Navigation_Comment@2x.png */,
				1C9615E41B949C010005FC4B /* News_Navigation_Next_Highlight@2x.png */,
				1C9615E51B949C010005FC4B /* News_Navigation_Next@2x.png */,
				1C9615E61B949C010005FC4B /* News_Navigation_Share_Highlight@2x.png */,
				1C9615E71B949C010005FC4B /* News_Navigation_Share@2x.png */,
				1C9615E81B949C010005FC4B /* News_Navigation_Unnext@2x.png */,
				1C9615E91B949C010005FC4B /* News_Navigation_Vote@2x.png */,
				1C9615EA1B949C010005FC4B /* News_Navigation_Voted@2x.png */,
			);
			name = News_Navigation;
			sourceTree = "<group>";
		};
		1CAF1C2D1B4C2934009244C5 /* HomePage */ = {
			isa = PBXGroup;
			children = (
				1CAF1C3D1B4C2B96009244C5 /* HomePageViewController.h */,
				1CAF1C3E1B4C2B96009244C5 /* HomePageViewController.m */,
				1CAF1C3F1B4C2B96009244C5 /* HomePageViewModel.h */,
				1CAF1C401B4C2B96009244C5 /* HomePageViewModel.m */,
				1CAF1C4C1B4C2E80009244C5 /* View */,
			);
			name = HomePage;
			sourceTree = "<group>";
		};
		1CAF1C2E1B4C293C009244C5 /* Mine */ = {
			isa = PBXGroup;
			children = (
				1C4607E21B7730C20002337A /* View */,
				1C4607DC1B7641020002337A /* MineViewController.h */,
				1C4607DD1B7641020002337A /* MineViewController.m */,
				1C5A0BF91B8F7225005F8D2C /* ThemeViewModel.h */,
				1C5A0BFA1B8F7225005F8D2C /* ThemeViewModel.m */,
			);
			name = Mine;
			sourceTree = "<group>";
		};
		1CAF1C351B4C2A33009244C5 /* Model */ = {
			isa = PBXGroup;
			children = (
				1C5A0BF61B8F6D3A005F8D2C /* ThemeModel.h */,
				1C5A0BF71B8F6D3A005F8D2C /* ThemeModel.m */,
				1CAF1C431B4C2BBB009244C5 /* NewsListModel.h */,
				1CAF1C441B4C2BBB009244C5 /* NewsListModel.m */,
				1C2A88361B63F4240065F915 /* NewsDetailModel.h */,
				1C2A88371B63F4240065F915 /* NewsDetailModel.m */,
				1C9615F81B95C16B0005FC4B /* NewsDetailExtraModel.h */,
				1C9615F91B95C16B0005FC4B /* NewsDetailExtraModel.m */,
			);
			name = Model;
			sourceTree = "<group>";
		};
		1CAF1C391B4C2A4C009244C5 /* Domain */ = {
			isa = PBXGroup;
			children = (
				1CAF1C461B4C2BE0009244C5 /* NewsListItem.h */,
				1CAF1C471B4C2BE0009244C5 /* NewsListItem.m */,
				1CAF1C4D1B4C33CC009244C5 /* NewsListInfo.h */,
				1CAF1C4E1B4C33CC009244C5 /* NewsListInfo.m */,
				1C0FFF1A1B5AA48D000CB182 /* NewsBannerItem.h */,
				1C0FFF1B1B5AA48D000CB182 /* NewsBannerItem.m */,
				1CC66FAC1B6338CB00E4C791 /* NewsDetailInfo.h */,
				1CC66FAD1B6338CB00E4C791 /* NewsDetailInfo.m */,
				1C9615FB1B95C31C0005FC4B /* NewsDetailExtraInfo.h */,
				1C9615FC1B95C31C0005FC4B /* NewsDetailExtraInfo.m */,
			);
			name = Domain;
			sourceTree = "<group>";
		};
		1CAF1C4C1B4C2E80009244C5 /* View */ = {
			isa = PBXGroup;
			children = (
				1C731C531B5807BF0015CDF4 /* NewsBannerView.h */,
				1C731C541B5807BF0015CDF4 /* NewsBannerView.m */,
				1C731C551B5807BF0015CDF4 /* NewsListCell.h */,
				1C731C561B5807BF0015CDF4 /* NewsListCell.m */,
				1C731C571B5807BF0015CDF4 /* NewsListView.h */,
				1C731C581B5807BF0015CDF4 /* NewsListView.m */,
			);
			name = View;
			sourceTree = "<group>";
		};
		1CC66FA81B63375800E4C791 /* NewsDetail */ = {
			isa = PBXGroup;
			children = (
				1CC66FAF1B63D3C700E4C791 /* view */,
				1CC66FA91B6337B200E4C791 /* NewsDetailViewController.h */,
				1CC66FAA1B6337B200E4C791 /* NewsDetailViewController.m */,
				1C2A88391B63F5350065F915 /* NewsDetailViewModel.h */,
				1C2A883A1B63F5350065F915 /* NewsDetailViewModel.m */,
				1C9615F51B95C0D80005FC4B /* NewsDetailExtraViewModel.h */,
				1C9615F61B95C0D80005FC4B /* NewsDetailExtraViewModel.m */,
			);
			name = NewsDetail;
			sourceTree = "<group>";
		};
		1CC66FAF1B63D3C700E4C791 /* view */ = {
			isa = PBXGroup;
			children = (
				1CC66FB01B63D3EB00E4C791 /* NewsDetailWebView.h */,
				1CC66FB11B63D3EB00E4C791 /* NewsDetailWebView.m */,
				1CA02DDE1B6C956F00E83C97 /* NewsDetailHeadView.h */,
				1CA02DDF1B6C956F00E83C97 /* NewsDetailHeadView.m */,
				1C45200A1B934B1000305548 /* NewsDetailFootView.h */,
				1C45200B1B934B1000305548 /* NewsDetailFootView.m */,
			);
			name = view;
			sourceTree = "<group>";
		};
		1CF27DAA1B9AF1FB002AF1B6 /* Menu */ = {
			isa = PBXGroup;
			children = (
				1CF27DB91B9B2360002AF1B6 /* Menu_Avatar@2x.png */,
				1CF27DAB1B9AF20B002AF1B6 /* Account_Avatar@2x.png */,
				1CF27DAC1B9AF20B002AF1B6 /* Dark_Menu_Icon_Setting@2x.png */,
				1CF27DAD1B9AF20B002AF1B6 /* Menu_Dark@2x.png */,
				1CF27DAE1B9AF20B002AF1B6 /* Menu_Day@2x.png */,
				1CF27DAF1B9AF20B002AF1B6 /* Menu_Download@2x.png */,
				1CF27DB01B9AF20B002AF1B6 /* Menu_Icon_Collect@2x.png */,
				1CF27DB11B9AF20B002AF1B6 /* Menu_Icon_Message@2x.png */,
			);
			name = Menu;
			sourceTree = "<group>";
		};
		1CF27DBB1B9B2FE2002AF1B6 /* ZHDBase */ = {
			isa = PBXGroup;
			children = (
			);
			name = ZHDBase;
			sourceTree = "<group>";
		};
		B450BD99E2FFAEA5D4D0AB94 /* Pods */ = {
			isa = PBXGroup;
			children = (
				291C20FDB12AA200F7F27131 /* Pods.debug.xcconfig */,
				C8072BD3A93C61211C275FA0 /* Pods.release.xcconfig */,
				1AA1C4458927512CFFDD4690 /* Pods-ZhiHuDaily.debug.xcconfig */,
				BBA4BD59F1A06D3E794F6364 /* Pods-ZhiHuDaily.release.xcconfig */,
			);
			name = Pods;
			sourceTree = "<group>";
		};
/* End PBXGroup section */

/* Begin PBXNativeTarget section */
		1C3F060D1B4ADE8800756388 /* ZhiHuDaily */ = {
			isa = PBXNativeTarget;
			buildConfigurationList = 1C3F06311B4ADE8800756388 /* Build configuration list for PBXNativeTarget "ZhiHuDaily" */;
			buildPhases = (
				66943C0633DFDCB4CE11AAB5 /* Check Pods Manifest.lock */,
				1C3F060A1B4ADE8800756388 /* Sources */,
				1C3F060B1B4ADE8800756388 /* Frameworks */,
				1C3F060C1B4ADE8800756388 /* Resources */,
				243D9A9958E7E1049CC9C0C8 /* Copy Pods Resources */,
			);
			buildRules = (
			);
			dependencies = (
			);
			name = ZhiHuDaily;
			productName = ZhiHuDaily;
			productReference = 1C3F060E1B4ADE8800756388 /* ZhiHuDaily.app */;
			productType = "com.apple.product-type.application";
		};
		1C3F06261B4ADE8800756388 /* ZhiHuDailyTests */ = {
			isa = PBXNativeTarget;
			buildConfigurationList = 1C3F06341B4ADE8800756388 /* Build configuration list for PBXNativeTarget "ZhiHuDailyTests" */;
			buildPhases = (
				1C3F06231B4ADE8800756388 /* Sources */,
				1C3F06241B4ADE8800756388 /* Frameworks */,
				1C3F06251B4ADE8800756388 /* Resources */,
			);
			buildRules = (
			);
			dependencies = (
				1C3F06291B4ADE8800756388 /* PBXTargetDependency */,
			);
			name = ZhiHuDailyTests;
			productName = ZhiHuDailyTests;
			productReference = 1C3F06271B4ADE8800756388 /* ZhiHuDailyTests.xctest */;
			productType = "com.apple.product-type.bundle.unit-test";
		};
/* End PBXNativeTarget section */

/* Begin PBXProject section */
		1C3F06061B4ADE8800756388 /* Project object */ = {
			isa = PBXProject;
			attributes = {
				LastUpgradeCheck = 0630;
				ORGANIZATIONNAME = HoCooler;
				TargetAttributes = {
					1C3F060D1B4ADE8800756388 = {
						CreatedOnToolsVersion = 6.3;
					};
					1C3F06261B4ADE8800756388 = {
						CreatedOnToolsVersion = 6.3;
						TestTargetID = 1C3F060D1B4ADE8800756388;
					};
				};
			};
			buildConfigurationList = 1C3F06091B4ADE8800756388 /* Build configuration list for PBXProject "ZhiHuDaily" */;
			compatibilityVersion = "Xcode 3.2";
			developmentRegion = English;
			hasScannedForEncodings = 0;
			knownRegions = (
				en,
				Base,
			);
			mainGroup = 1C3F06051B4ADE8800756388;
			productRefGroup = 1C3F060F1B4ADE8800756388 /* Products */;
			projectDirPath = "";
			projectRoot = "";
			targets = (
				1C3F060D1B4ADE8800756388 /* ZhiHuDaily */,
				1C3F06261B4ADE8800756388 /* ZhiHuDailyTests */,
			);
		};
/* End PBXProject section */

/* Begin PBXResourcesBuildPhase section */
		1C3F060C1B4ADE8800756388 /* Resources */ = {
			isa = PBXResourcesBuildPhase;
			buildActionMask = 2147483647;
			files = (
				1C2AF0421B8CBE5A0073659C /* NavigationBar_background@2x.png in Resources */,
				1CF27DB81B9AF20B002AF1B6 /* Menu_Icon_Message@2x.png in Resources */,
				1CF27DBA1B9B2360002AF1B6 /* Menu_Avatar@2x.png in Resources */,
				1C3F061D1B4ADE8800756388 /* Main.storyboard in Resources */,
				1C9615F11B949C010005FC4B /* News_Navigation_Share@2x.png in Resources */,
				1CE81F261B8CB90E009DBCF5 /* icon.png in Resources */,
				1C9615EB1B949C010005FC4B /* News_Navigation_Arrow_Highlight@2x.png in Resources */,
				1C9615F21B949C010005FC4B /* News_Navigation_Unnext@2x.png in Resources */,
				1C9615F41B949C010005FC4B /* News_Navigation_Voted@2x.png in Resources */,
				1CF27DB61B9AF20B002AF1B6 /* Menu_Download@2x.png in Resources */,
				1C9615F01B949C010005FC4B /* News_Navigation_Share_Highlight@2x.png in Resources */,
				1CF27DB71B9AF20B002AF1B6 /* Menu_Icon_Collect@2x.png in Resources */,
				1C3F06221B4ADE8800756388 /* LaunchScreen.xib in Resources */,
				1CF27DB31B9AF20B002AF1B6 /* Dark_Menu_Icon_Setting@2x.png in Resources */,
				1C2AF0401B8CBCDA0073659C /* Home_Icon@2x.png in Resources */,
				1CF27DB21B9AF20B002AF1B6 /* Account_Avatar@2x.png in Resources */,
				1C3F061F1B4ADE8800756388 /* Images.xcassets in Resources */,
				1C9615F31B949C010005FC4B /* News_Navigation_Vote@2x.png in Resources */,
				1C9615EC1B949C010005FC4B /* News_Navigation_Arrow@2x.png in Resources */,
				1CF27DB41B9AF20B002AF1B6 /* Menu_Dark@2x.png in Resources */,
				1C9615EF1B949C010005FC4B /* News_Navigation_Next@2x.png in Resources */,
				1C9615ED1B949C010005FC4B /* News_Navigation_Comment@2x.png in Resources */,
				1CF27DB51B9AF20B002AF1B6 /* Menu_Day@2x.png in Resources */,
				1C9615EE1B949C010005FC4B /* News_Navigation_Next_Highlight@2x.png in Resources */,
			);
			runOnlyForDeploymentPostprocessing = 0;
		};
		1C3F06251B4ADE8800756388 /* Resources */ = {
			isa = PBXResourcesBuildPhase;
			buildActionMask = 2147483647;
			files = (
			);
			runOnlyForDeploymentPostprocessing = 0;
		};
/* End PBXResourcesBuildPhase section */

/* Begin PBXShellScriptBuildPhase section */
		243D9A9958E7E1049CC9C0C8 /* Copy Pods Resources */ = {
			isa = PBXShellScriptBuildPhase;
			buildActionMask = 2147483647;
			files = (
			);
			inputPaths = (
			);
			name = "Copy Pods Resources";
			outputPaths = (
			);
			runOnlyForDeploymentPostprocessing = 0;
			shellPath = /bin/sh;
			shellScript = "\"${SRCROOT}/Pods/Target Support Files/Pods-ZhiHuDaily/Pods-ZhiHuDaily-resources.sh\"\n";
			showEnvVarsInLog = 0;
		};
		66943C0633DFDCB4CE11AAB5 /* Check Pods Manifest.lock */ = {
			isa = PBXShellScriptBuildPhase;
			buildActionMask = 2147483647;
			files = (
			);
			inputPaths = (
			);
			name = "Check Pods Manifest.lock";
			outputPaths = (
			);
			runOnlyForDeploymentPostprocessing = 0;
			shellPath = /bin/sh;
			shellScript = "diff \"${PODS_ROOT}/../Podfile.lock\" \"${PODS_ROOT}/Manifest.lock\" > /dev/null\nif [[ $? != 0 ]] ; then\n    cat << EOM\nerror: The sandbox is not in sync with the Podfile.lock. Run 'pod install' or update your CocoaPods installation.\nEOM\n    exit 1\nfi\n";
			showEnvVarsInLog = 0;
		};
/* End PBXShellScriptBuildPhase section */

/* Begin PBXSourcesBuildPhase section */
		1C3F060A1B4ADE8800756388 /* Sources */ = {
			isa = PBXSourcesBuildPhase;
			buildActionMask = 2147483647;
			files = (
				1C9615FD1B95C31C0005FC4B /* NewsDetailExtraInfo.m in Sources */,
				1CAF1C421B4C2B96009244C5 /* HomePageViewModel.m in Sources */,
				1C4520051B9340E600305548 /* TKAlertCenter.m in Sources */,
				1C2A883B1B63F5350065F915 /* NewsDetailViewModel.m in Sources */,
				1C731C5B1B5807BF0015CDF4 /* NewsListView.m in Sources */,
				1C731C591B5807BF0015CDF4 /* NewsBannerView.m in Sources */,
				1C731C5A1B5807BF0015CDF4 /* NewsListCell.m in Sources */,
				1C4607DE1B7641020002337A /* MineViewController.m in Sources */,
				1C5A0BFB1B8F7225005F8D2C /* ThemeViewModel.m in Sources */,
				1CF27DA01B99FC6F002AF1B6 /* MenuTableView.m in Sources */,
				1CAF1C451B4C2BBB009244C5 /* NewsListModel.m in Sources */,
				1C5A0BF81B8F6D3A005F8D2C /* ThemeModel.m in Sources */,
				1CAF1C4F1B4C33CC009244C5 /* NewsListInfo.m in Sources */,
				1CC66FAE1B6338CB00E4C791 /* NewsDetailInfo.m in Sources */,
				1CC66FB21B63D3EB00E4C791 /* NewsDetailWebView.m in Sources */,
				1CAF1C411B4C2B96009244C5 /* HomePageViewController.m in Sources */,
				1C3F06171B4ADE8800756388 /* AppDelegate.m in Sources */,
				1CF27DA51B99FF9D002AF1B6 /* NSTimer+Extention.m in Sources */,
				1CF27DA61B99FF9D002AF1B6 /* UIColor+ZHDAddition.m in Sources */,
				1CA02DE01B6C956F00E83C97 /* NewsDetailHeadView.m in Sources */,
				1CF27D9F1B99FC6F002AF1B6 /* MenuHeadView.m in Sources */,
				1C9615F71B95C0D80005FC4B /* NewsDetailExtraViewModel.m in Sources */,
				1C0FFF1C1B5AA48D000CB182 /* NewsBannerItem.m in Sources */,
				1C3F06141B4ADE8800756388 /* main.m in Sources */,
				1CF27DA91B9A69DE002AF1B6 /* MenuFooterView.m in Sources */,
				1C2A88381B63F4240065F915 /* NewsDetailModel.m in Sources */,
				1CAF1C481B4C2BE0009244C5 /* NewsListItem.m in Sources */,
				1C45200C1B934B1000305548 /* NewsDetailFootView.m in Sources */,
				1CC66FAB1B6337B200E4C791 /* NewsDetailViewController.m in Sources */,
				1C9615FA1B95C16B0005FC4B /* NewsDetailExtraModel.m in Sources */,
			);
			runOnlyForDeploymentPostprocessing = 0;
		};
		1C3F06231B4ADE8800756388 /* Sources */ = {
			isa = PBXSourcesBuildPhase;
			buildActionMask = 2147483647;
			files = (
				1C3F062E1B4ADE8800756388 /* ZhiHuDailyTests.m in Sources */,
			);
			runOnlyForDeploymentPostprocessing = 0;
		};
/* End PBXSourcesBuildPhase section */

/* Begin PBXTargetDependency section */
		1C3F06291B4ADE8800756388 /* PBXTargetDependency */ = {
			isa = PBXTargetDependency;
			target = 1C3F060D1B4ADE8800756388 /* ZhiHuDaily */;
			targetProxy = 1C3F06281B4ADE8800756388 /* PBXContainerItemProxy */;
		};
/* End PBXTargetDependency section */

/* Begin PBXVariantGroup section */
		1C3F061B1B4ADE8800756388 /* Main.storyboard */ = {
			isa = PBXVariantGroup;
			children = (
				1C3F061C1B4ADE8800756388 /* Base */,
			);
			name = Main.storyboard;
			sourceTree = "<group>";
		};
		1C3F06201B4ADE8800756388 /* LaunchScreen.xib */ = {
			isa = PBXVariantGroup;
			children = (
				1C3F06211B4ADE8800756388 /* Base */,
			);
			name = LaunchScreen.xib;
			sourceTree = "<group>";
		};
/* End PBXVariantGroup section */

/* Begin XCBuildConfiguration section */
		1C3F062F1B4ADE8800756388 /* Debug */ = {
			isa = XCBuildConfiguration;
			buildSettings = {
				ALWAYS_SEARCH_USER_PATHS = NO;
				CLANG_CXX_LANGUAGE_STANDARD = "gnu++0x";
				CLANG_CXX_LIBRARY = "libc++";
				CLANG_ENABLE_MODULES = YES;
				CLANG_ENABLE_OBJC_ARC = YES;
				CLANG_WARN_BOOL_CONVERSION = YES;
				CLANG_WARN_CONSTANT_CONVERSION = YES;
				CLANG_WARN_DIRECT_OBJC_ISA_USAGE = YES_ERROR;
				CLANG_WARN_EMPTY_BODY = YES;
				CLANG_WARN_ENUM_CONVERSION = YES;
				CLANG_WARN_INT_CONVERSION = YES;
				CLANG_WARN_OBJC_ROOT_CLASS = YES_ERROR;
				CLANG_WARN_UNREACHABLE_CODE = YES;
				CLANG_WARN__DUPLICATE_METHOD_MATCH = YES;
				"CODE_SIGN_IDENTITY[sdk=iphoneos*]" = "iPhone Developer";
				COPY_PHASE_STRIP = NO;
				DEBUG_INFORMATION_FORMAT = "dwarf-with-dsym";
				ENABLE_STRICT_OBJC_MSGSEND = YES;
				GCC_C_LANGUAGE_STANDARD = gnu99;
				GCC_DYNAMIC_NO_PIC = NO;
				GCC_NO_COMMON_BLOCKS = YES;
				GCC_OPTIMIZATION_LEVEL = 0;
				GCC_PREPROCESSOR_DEFINITIONS = (
					"DEBUG=1",
					"$(inherited)",
				);
				GCC_SYMBOLS_PRIVATE_EXTERN = NO;
				GCC_WARN_64_TO_32_BIT_CONVERSION = YES;
				GCC_WARN_ABOUT_RETURN_TYPE = YES_ERROR;
				GCC_WARN_UNDECLARED_SELECTOR = YES;
				GCC_WARN_UNINITIALIZED_AUTOS = YES_AGGRESSIVE;
				GCC_WARN_UNUSED_FUNCTION = YES;
				GCC_WARN_UNUSED_VARIABLE = YES;
				IPHONEOS_DEPLOYMENT_TARGET = 7.0;
				MTL_ENABLE_DEBUG_INFO = YES;
				ONLY_ACTIVE_ARCH = YES;
				SDKROOT = iphoneos;
			};
			name = Debug;
		};
		1C3F06301B4ADE8800756388 /* Release */ = {
			isa = XCBuildConfiguration;
			buildSettings = {
				ALWAYS_SEARCH_USER_PATHS = NO;
				CLANG_CXX_LANGUAGE_STANDARD = "gnu++0x";
				CLANG_CXX_LIBRARY = "libc++";
				CLANG_ENABLE_MODULES = YES;
				CLANG_ENABLE_OBJC_ARC = YES;
				CLANG_WARN_BOOL_CONVERSION = YES;
				CLANG_WARN_CONSTANT_CONVERSION = YES;
				CLANG_WARN_DIRECT_OBJC_ISA_USAGE = YES_ERROR;
				CLANG_WARN_EMPTY_BODY = YES;
				CLANG_WARN_ENUM_CONVERSION = YES;
				CLANG_WARN_INT_CONVERSION = YES;
				CLANG_WARN_OBJC_ROOT_CLASS = YES_ERROR;
				CLANG_WARN_UNREACHABLE_CODE = YES;
				CLANG_WARN__DUPLICATE_METHOD_MATCH = YES;
				"CODE_SIGN_IDENTITY[sdk=iphoneos*]" = "iPhone Developer";
				COPY_PHASE_STRIP = NO;
				DEBUG_INFORMATION_FORMAT = "dwarf-with-dsym";
				ENABLE_NS_ASSERTIONS = NO;
				ENABLE_STRICT_OBJC_MSGSEND = YES;
				GCC_C_LANGUAGE_STANDARD = gnu99;
				GCC_NO_COMMON_BLOCKS = YES;
				GCC_WARN_64_TO_32_BIT_CONVERSION = YES;
				GCC_WARN_ABOUT_RETURN_TYPE = YES_ERROR;
				GCC_WARN_UNDECLARED_SELECTOR = YES;
				GCC_WARN_UNINITIALIZED_AUTOS = YES_AGGRESSIVE;
				GCC_WARN_UNUSED_FUNCTION = YES;
				GCC_WARN_UNUSED_VARIABLE = YES;
				IPHONEOS_DEPLOYMENT_TARGET = 7.0;
				MTL_ENABLE_DEBUG_INFO = NO;
				SDKROOT = iphoneos;
				VALIDATE_PRODUCT = YES;
			};
			name = Release;
		};
		1C3F06321B4ADE8800756388 /* Debug */ = {
			isa = XCBuildConfiguration;
			baseConfigurationReference = 1AA1C4458927512CFFDD4690 /* Pods-ZhiHuDaily.debug.xcconfig */;
			buildSettings = {
				ASSETCATALOG_COMPILER_APPICON_NAME = AppIcon;
				CODE_SIGN_IDENTITY = "iPhone Developer";
				GCC_PREFIX_HEADER = "$(SRCROOT)/$(PROJECT_NAME)/ZhiHuDaily-Prefix.pch";
				INFOPLIST_FILE = ZhiHuDaily/Info.plist;
				LD_RUNPATH_SEARCH_PATHS = "$(inherited) @executable_path/Frameworks";
				PRODUCT_NAME = "$(TARGET_NAME)";
			};
			name = Debug;
		};
		1C3F06331B4ADE8800756388 /* Release */ = {
			isa = XCBuildConfiguration;
			baseConfigurationReference = BBA4BD59F1A06D3E794F6364 /* Pods-ZhiHuDaily.release.xcconfig */;
			buildSettings = {
				ASSETCATALOG_COMPILER_APPICON_NAME = AppIcon;
				CODE_SIGN_IDENTITY = "iPhone Developer";
				GCC_PREFIX_HEADER = "$(SRCROOT)/$(PROJECT_NAME)/ZhiHuDaily-Prefix.pch";
				INFOPLIST_FILE = ZhiHuDaily/Info.plist;
				LD_RUNPATH_SEARCH_PATHS = "$(inherited) @executable_path/Frameworks";
				PRODUCT_NAME = "$(TARGET_NAME)";
			};
			name = Release;
		};
		1C3F06351B4ADE8800756388 /* Debug */ = {
			isa = XCBuildConfiguration;
			buildSettings = {
				BUNDLE_LOADER = "$(TEST_HOST)";
				FRAMEWORK_SEARCH_PATHS = (
					"$(SDKROOT)/Developer/Library/Frameworks",
					"$(inherited)",
				);
				GCC_PREPROCESSOR_DEFINITIONS = (
					"DEBUG=1",
					"$(inherited)",
				);
				INFOPLIST_FILE = ZhiHuDailyTests/Info.plist;
				LD_RUNPATH_SEARCH_PATHS = "$(inherited) @executable_path/Frameworks @loader_path/Frameworks";
				PRODUCT_NAME = "$(TARGET_NAME)";
				TEST_HOST = "$(BUILT_PRODUCTS_DIR)/ZhiHuDaily.app/ZhiHuDaily";
			};
			name = Debug;
		};
		1C3F06361B4ADE8800756388 /* Release */ = {
			isa = XCBuildConfiguration;
			buildSettings = {
				BUNDLE_LOADER = "$(TEST_HOST)";
				FRAMEWORK_SEARCH_PATHS = (
					"$(SDKROOT)/Developer/Library/Frameworks",
					"$(inherited)",
				);
				INFOPLIST_FILE = ZhiHuDailyTests/Info.plist;
				LD_RUNPATH_SEARCH_PATHS = "$(inherited) @executable_path/Frameworks @loader_path/Frameworks";
				PRODUCT_NAME = "$(TARGET_NAME)";
				TEST_HOST = "$(BUILT_PRODUCTS_DIR)/ZhiHuDaily.app/ZhiHuDaily";
			};
			name = Release;
		};
/* End XCBuildConfiguration section */

/* Begin XCConfigurationList section */
		1C3F06091B4ADE8800756388 /* Build configuration list for PBXProject "ZhiHuDaily" */ = {
			isa = XCConfigurationList;
			buildConfigurations = (
				1C3F062F1B4ADE8800756388 /* Debug */,
				1C3F06301B4ADE8800756388 /* Release */,
			);
			defaultConfigurationIsVisible = 0;
			defaultConfigurationName = Release;
		};
		1C3F06311B4ADE8800756388 /* Build configuration list for PBXNativeTarget "ZhiHuDaily" */ = {
			isa = XCConfigurationList;
			buildConfigurations = (
				1C3F06321B4ADE8800756388 /* Debug */,
				1C3F06331B4ADE8800756388 /* Release */,
			);
			defaultConfigurationIsVisible = 0;
			defaultConfigurationName = Release;
		};
		1C3F06341B4ADE8800756388 /* Build configuration list for PBXNativeTarget "ZhiHuDailyTests" */ = {
			isa = XCConfigurationList;
			buildConfigurations = (
				1C3F06351B4ADE8800756388 /* Debug */,
				1C3F06361B4ADE8800756388 /* Release */,
			);
			defaultConfigurationIsVisible = 0;
			defaultConfigurationName = Release;
		};
/* End XCConfigurationList section */
	};
	rootObject = 1C3F06061B4ADE8800756388 /* Project object */;
}
